
Microsoft Visual Studio Solution File, Format Version 12.00
# Visual Studio Version 17
VisualStudioVersion = 17.3.32825.248
MinimumVisualStudioVersion = 10.0.40219.1
Project("{8BC9CEB8-8B4A-11D0-8D11-00A0C91BC942}") = "practice3", "실습\실습.vcxproj", "{D5CA8D15-0DAD-45DF-B91A-3AFAAEA99932}"
EndProject
Project("{8BC9CEB8-8B4A-11D0-8D11-00A0C91BC942}") = "Week7", "Week7\Week7.vcxproj", "{B70BE570-5354-4D2B-ACB2-2900A5E9D033}"
EndProject
Project("{8BC9CEB8-8B4A-11D0-8D11-00A0C91BC942}") = "중간고사 연습", "중간고사 연습\중간고사 연습.vcxproj", "{665822B6-6E27-4BAD-95EB-D1030B7FD3B4}"
EndProject
Project("{8BC9CEB8-8B4A-11D0-8D11-00A0C91BC942}") = "Week9", "Week9\Week9.vcxproj", "{46295CCF-BDB3-4F66-B2F3-5662D1CA715C}"
EndProject
Global
	GlobalSection(SolutionConfigurationPlatforms) = preSolution
		Debug|x64 = Debug|x64
		Debug|x86 = Debug|x86
		Release|x64 = Release|x64
		Release|x86 = Release|x86
	EndGlobalSection
	GlobalSection(ProjectConfigurationPlatforms) = postSolution
		{D5CA8D15-0DAD-45DF-B91A-3AFAAEA99932}.Debug|x64.ActiveCfg = Debug|x64
		{D5CA8D15-0DAD-45DF-B91A-3AFAAEA99932}.Debug|x64.Build.0 = Debug|x64
		{D5CA8D15-0DAD-45DF-B91A-3AFAAEA99932}.Debug|x86.ActiveCfg = Debug|Win32
		{D5CA8D15-0DAD-45DF-B91A-3AFAAEA99932}.Debug|x86.Build.0 = Debug|Win32
		{D5CA8D15-0DAD-45DF-B91A-3AFAAEA99932}.Release|x64.ActiveCfg = Release|x64
		{D5CA8D15-0DAD-45DF-B91A-3AFAAEA99932}.Release|x64.Build.0 = Release|x64
		{D5CA8D15-0DAD-45DF-B91A-3AFAAEA99932}.Release|x86.ActiveCfg = Release|Win32
		{D5CA8D15-0DAD-45DF-B91A-3AFAAEA99932}.Release|x86.Build.0 = Release|Win32
		{B70BE570-5354-4D2B-ACB2-2900A5E9D033}.Debug|x64.ActiveCfg = Debug|x64
		{B70BE570-5354-4D2B-ACB2-2900A5E9D033}.Debug|x64.Build.0 = Debug|x64
		{B70BE570-5354-4D2B-ACB2-2900A5E9D033}.Debug|x86.ActiveCfg = Debug|Win32
		{B70BE570-5354-4D2B-ACB2-2900A5E9D033}.Debug|x86.Build.0 = Debug|Win32
		{B70BE570-5354-4D2B-ACB2-2900A5E9D033}.Release|x64.ActiveCfg = Release|x64
		{B70BE570-5354-4D2B-ACB2-2900A5E9D033}.Release|x64.Build.0 = Release|x64
		{B70BE570-5354-4D2B-ACB2-2900A5E9D033}.Release|x86.ActiveCfg = Release|Win32
		{B70BE570-5354-4D2B-ACB2-2900A5E9D033}.Release|x86.Build.0 = Release|Win32
		{665822B6-6E27-4BAD-95EB-D1030B7FD3B4}.Debug|x64.ActiveCfg = Debug|x64
		{665822B6-6E27-4BAD-95EB-D1030B7FD3B4}.Debug|x64.Build.0 = Debug|x64
		{665822B6-6E27-4BAD-95EB-D1030B7FD3B4}.Debug|x86.ActiveCfg = Debug|Win32
		{665822B6-6E27-4BAD-95EB-D1030B7FD3B4}.Debug|x86.Build.0 = Debug|Win32
		{665822B6-6E27-4BAD-95EB-D1030B7FD3B4}.Release|x64.ActiveCfg = Release|x64
		{665822B6-6E27-4BAD-95EB-D1030B7FD3B4}.Release|x64.Build.0 = Release|x64
		{665822B6-6E27-4BAD-95EB-D1030B7FD3B4}.Release|x86.ActiveCfg = Release|Win32
		{665822B6-6E27-4BAD-95EB-D1030B7FD3B4}.Release|x86.Build.0 = Release|Win32
		{46295CCF-BDB3-4F66-B2F3-5662D1CA715C}.Debug|x64.ActiveCfg = Debug|x64
		{46295CCF-BDB3-4F66-B2F3-5662D1CA715C}.Debug|x64.Build.0 = Debug|x64
		{46295CCF-BDB3-4F66-B2F3-5662D1CA715C}.Debug|x86.ActiveCfg = Debug|Win32
		{46295CCF-BDB3-4F66-B2F3-5662D1CA715C}.Debug|x86.Build.0 = Debug|Win32
		{46295CCF-BDB3-4F66-B2F3-5662D1CA715C}.Release|x64.ActiveCfg = Release|x64
		{46295CCF-BDB3-4F66-B2F3-5662D1CA715C}.Release|x64.Build.0 = Release|x64
		{46295CCF-BDB3-4F66-B2F3-5662D1CA715C}.Release|x86.ActiveCfg = Release|Win32
		{46295CCF-BDB3-4F66-B2F3-5662D1CA715C}.Release|x86.Build.0 = Release|Win32
	EndGlobalSection
	GlobalSection(SolutionProperties) = preSolution
		HideSolutionNode = FALSE
	EndGlobalSection
	GlobalSection(ExtensibilityGlobals) = postSolution
		SolutionGuid = {EF163E42-0064-4515-A95E-B253E5FB09AC}
	EndGlobalSection
EndGlobal
