
Microsoft Visual Studio Solution File, Format Version 12.00
# Visual Studio Version 17
VisualStudioVersion = 17.3.32825.248
MinimumVisualStudioVersion = 10.0.40219.1
Project("{8BC9CEB8-8B4A-11D0-8D11-00A0C91BC942}") = "practice3", "실습\실습.vcxproj", "{D5CA8D15-0DAD-45DF-B91A-3AFAAEA99932}"
EndProject
Project("{8BC9CEB8-8B4A-11D0-8D11-00A0C91BC942}") = "Week7", "Week7\Week7.vcxproj", "{B70BE570-5354-4D2B-ACB2-2900A5E9D033}"
EndProject
Project("{8BC9CEB8-8B4A-11D0-8D11-00A0C91BC942}") = "중간고사 연습", "중간고사 연습\중간고사 연습.vcxproj", "{665822B6-6E27-4BAD-95EB-D1030B7FD3B4}"
EndProject
Project("{8BC9CEB8-8B4A-11D0-8D11-00A0C91BC942}") = "Week9", "Week9\Week9.vcxproj", "{46295CCF-BDB3-4F66-B2F3-5662D1CA715C}"
EndProject
Project("{8BC9CEB8-8B4A-11D0-8D11-00A0C91BC942}") = "Week10", "Week10\Week10.vcxproj", "{7F9B545D-0F01-4551-A915-E0283CC3CEAC}"
EndProject
Project("{8BC9CEB8-8B4A-11D0-8D11-00A0C91BC942}") = "Week11-1", "Week11\Week11.vcxproj", "{535A560C-004B-4EE1-A1CF-B92EE79E7676}"
EndProject
Project("{8BC9CEB8-8B4A-11D0-8D11-00A0C91BC942}") = "Week11-2", "Week11-2\Week11-2.vcxproj", "{197DEC35-424D-4EF2-9D6E-C566E7CED01C}"
EndProject
Project("{8BC9CEB8-8B4A-11D0-8D11-00A0C91BC942}") = "Week14", "Week14\Week14.vcxproj", "{CC9F64B5-DCB2-4466-B252-4FB85740171A}"
EndProject
Project("{8BC9CEB8-8B4A-11D0-8D11-00A0C91BC942}") = "Week14-2", "Week14-2\Week14-2.vcxproj", "{167D0AA2-C341-4453-A7E2-1816AF0E7F26}"
EndProject
Global
	GlobalSection(SolutionConfigurationPlatforms) = preSolution
		Debug|x64 = Debug|x64
		Debug|x86 = Debug|x86
		Release|x64 = Release|x64
		Release|x86 = Release|x86
	EndGlobalSection
	GlobalSection(ProjectConfigurationPlatforms) = postSolution
		{D5CA8D15-0DAD-45DF-B91A-3AFAAEA99932}.Debug|x64.ActiveCfg = Debug|x64
		{D5CA8D15-0DAD-45DF-B91A-3AFAAEA99932}.Debug|x64.Build.0 = Debug|x64
		{D5CA8D15-0DAD-45DF-B91A-3AFAAEA99932}.Debug|x86.ActiveCfg = Debug|Win32
		{D5CA8D15-0DAD-45DF-B91A-3AFAAEA99932}.Debug|x86.Build.0 = Debug|Win32
		{D5CA8D15-0DAD-45DF-B91A-3AFAAEA99932}.Release|x64.ActiveCfg = Release|x64
		{D5CA8D15-0DAD-45DF-B91A-3AFAAEA99932}.Release|x64.Build.0 = Release|x64
		{D5CA8D15-0DAD-45DF-B91A-3AFAAEA99932}.Release|x86.ActiveCfg = Release|Win32
		{D5CA8D15-0DAD-45DF-B91A-3AFAAEA99932}.Release|x86.Build.0 = Release|Win32
		{B70BE570-5354-4D2B-ACB2-2900A5E9D033}.Debug|x64.ActiveCfg = Debug|x64
		{B70BE570-5354-4D2B-ACB2-2900A5E9D033}.Debug|x64.Build.0 = Debug|x64
		{B70BE570-5354-4D2B-ACB2-2900A5E9D033}.Debug|x86.ActiveCfg = Debug|Win32
		{B70BE570-5354-4D2B-ACB2-2900A5E9D033}.Debug|x86.Build.0 = Debug|Win32
		{B70BE570-5354-4D2B-ACB2-2900A5E9D033}.Release|x64.ActiveCfg = Release|x64
		{B70BE570-5354-4D2B-ACB2-2900A5E9D033}.Release|x64.Build.0 = Release|x64
		{B70BE570-5354-4D2B-ACB2-2900A5E9D033}.Release|x86.ActiveCfg = Release|Win32
		{B70BE570-5354-4D2B-ACB2-2900A5E9D033}.Release|x86.Build.0 = Release|Win32
		{665822B6-6E27-4BAD-95EB-D1030B7FD3B4}.Debug|x64.ActiveCfg = Debug|x64
		{665822B6-6E27-4BAD-95EB-D1030B7FD3B4}.Debug|x64.Build.0 = Debug|x64
		{665822B6-6E27-4BAD-95EB-D1030B7FD3B4}.Debug|x86.ActiveCfg = Debug|Win32
		{665822B6-6E27-4BAD-95EB-D1030B7FD3B4}.Debug|x86.Build.0 = Debug|Win32
		{665822B6-6E27-4BAD-95EB-D1030B7FD3B4}.Release|x64.ActiveCfg = Release|x64
		{665822B6-6E27-4BAD-95EB-D1030B7FD3B4}.Release|x64.Build.0 = Release|x64
		{665822B6-6E27-4BAD-95EB-D1030B7FD3B4}.Release|x86.ActiveCfg = Release|Win32
		{665822B6-6E27-4BAD-95EB-D1030B7FD3B4}.Release|x86.Build.0 = Release|Win32
		{46295CCF-BDB3-4F66-B2F3-5662D1CA715C}.Debug|x64.ActiveCfg = Debug|x64
		{46295CCF-BDB3-4F66-B2F3-5662D1CA715C}.Debug|x64.Build.0 = Debug|x64
		{46295CCF-BDB3-4F66-B2F3-5662D1CA715C}.Debug|x86.ActiveCfg = Debug|Win32
		{46295CCF-BDB3-4F66-B2F3-5662D1CA715C}.Debug|x86.Build.0 = Debug|Win32
		{46295CCF-BDB3-4F66-B2F3-5662D1CA715C}.Release|x64.ActiveCfg = Release|x64
		{46295CCF-BDB3-4F66-B2F3-5662D1CA715C}.Release|x64.Build.0 = Release|x64
		{46295CCF-BDB3-4F66-B2F3-5662D1CA715C}.Release|x86.ActiveCfg = Release|Win32
		{46295CCF-BDB3-4F66-B2F3-5662D1CA715C}.Release|x86.Build.0 = Release|Win32
		{7F9B545D-0F01-4551-A915-E0283CC3CEAC}.Debug|x64.ActiveCfg = Debug|x64
		{7F9B545D-0F01-4551-A915-E0283CC3CEAC}.Debug|x64.Build.0 = Debug|x64
		{7F9B545D-0F01-4551-A915-E0283CC3CEAC}.Debug|x86.ActiveCfg = Debug|Win32
		{7F9B545D-0F01-4551-A915-E0283CC3CEAC}.Debug|x86.Build.0 = Debug|Win32
		{7F9B545D-0F01-4551-A915-E0283CC3CEAC}.Release|x64.ActiveCfg = Release|x64
		{7F9B545D-0F01-4551-A915-E0283CC3CEAC}.Release|x64.Build.0 = Release|x64
		{7F9B545D-0F01-4551-A915-E0283CC3CEAC}.Release|x86.ActiveCfg = Release|Win32
		{7F9B545D-0F01-4551-A915-E0283CC3CEAC}.Release|x86.Build.0 = Release|Win32
		{535A560C-004B-4EE1-A1CF-B92EE79E7676}.Debug|x64.ActiveCfg = Debug|x64
		{535A560C-004B-4EE1-A1CF-B92EE79E7676}.Debug|x64.Build.0 = Debug|x64
		{535A560C-004B-4EE1-A1CF-B92EE79E7676}.Debug|x86.ActiveCfg = Debug|Win32
		{535A560C-004B-4EE1-A1CF-B92EE79E7676}.Debug|x86.Build.0 = Debug|Win32
		{535A560C-004B-4EE1-A1CF-B92EE79E7676}.Release|x64.ActiveCfg = Release|x64
		{535A560C-004B-4EE1-A1CF-B92EE79E7676}.Release|x64.Build.0 = Release|x64
		{535A560C-004B-4EE1-A1CF-B92EE79E7676}.Release|x86.ActiveCfg = Release|Win32
		{535A560C-004B-4EE1-A1CF-B92EE79E7676}.Release|x86.Build.0 = Release|Win32
		{197DEC35-424D-4EF2-9D6E-C566E7CED01C}.Debug|x64.ActiveCfg = Debug|x64
		{197DEC35-424D-4EF2-9D6E-C566E7CED01C}.Debug|x64.Build.0 = Debug|x64
		{197DEC35-424D-4EF2-9D6E-C566E7CED01C}.Debug|x86.ActiveCfg = Debug|Win32
		{197DEC35-424D-4EF2-9D6E-C566E7CED01C}.Debug|x86.Build.0 = Debug|Win32
		{197DEC35-424D-4EF2-9D6E-C566E7CED01C}.Release|x64.ActiveCfg = Release|x64
		{197DEC35-424D-4EF2-9D6E-C566E7CED01C}.Release|x64.Build.0 = Release|x64
		{197DEC35-424D-4EF2-9D6E-C566E7CED01C}.Release|x86.ActiveCfg = Release|Win32
		{197DEC35-424D-4EF2-9D6E-C566E7CED01C}.Release|x86.Build.0 = Release|Win32
		{CC9F64B5-DCB2-4466-B252-4FB85740171A}.Debug|x64.ActiveCfg = Debug|x64
		{CC9F64B5-DCB2-4466-B252-4FB85740171A}.Debug|x64.Build.0 = Debug|x64
		{CC9F64B5-DCB2-4466-B252-4FB85740171A}.Debug|x86.ActiveCfg = Debug|Win32
		{CC9F64B5-DCB2-4466-B252-4FB85740171A}.Debug|x86.Build.0 = Debug|Win32
		{CC9F64B5-DCB2-4466-B252-4FB85740171A}.Release|x64.ActiveCfg = Release|x64
		{CC9F64B5-DCB2-4466-B252-4FB85740171A}.Release|x64.Build.0 = Release|x64
		{CC9F64B5-DCB2-4466-B252-4FB85740171A}.Release|x86.ActiveCfg = Release|Win32
		{CC9F64B5-DCB2-4466-B252-4FB85740171A}.Release|x86.Build.0 = Release|Win32
		{167D0AA2-C341-4453-A7E2-1816AF0E7F26}.Debug|x64.ActiveCfg = Debug|x64
		{167D0AA2-C341-4453-A7E2-1816AF0E7F26}.Debug|x64.Build.0 = Debug|x64
		{167D0AA2-C341-4453-A7E2-1816AF0E7F26}.Debug|x86.ActiveCfg = Debug|Win32
		{167D0AA2-C341-4453-A7E2-1816AF0E7F26}.Debug|x86.Build.0 = Debug|Win32
		{167D0AA2-C341-4453-A7E2-1816AF0E7F26}.Release|x64.ActiveCfg = Release|x64
		{167D0AA2-C341-4453-A7E2-1816AF0E7F26}.Release|x64.Build.0 = Release|x64
		{167D0AA2-C341-4453-A7E2-1816AF0E7F26}.Release|x86.ActiveCfg = Release|Win32
		{167D0AA2-C341-4453-A7E2-1816AF0E7F26}.Release|x86.Build.0 = Release|Win32
	EndGlobalSection
	GlobalSection(SolutionProperties) = preSolution
		HideSolutionNode = FALSE
	EndGlobalSection
	GlobalSection(ExtensibilityGlobals) = postSolution
		SolutionGuid = {EF163E42-0064-4515-A95E-B253E5FB09AC}
	EndGlobalSection
EndGlobal
