
Microsoft Visual Studio Solution File, Format Version 12.00
# Visual Studio Version 17
VisualStudioVersion = 17.3.32825.248
MinimumVisualStudioVersion = 10.0.40219.1
Project("{8BC9CEB8-8B4A-11D0-8D11-00A0C91BC942}") = "Week6", "Week6\Week6.vcxproj", "{6EE14E15-691B-49F8-8197-60E84BAB627F}"
EndProject
Project("{8BC9CEB8-8B4A-11D0-8D11-00A0C91BC942}") = "Week6-2", "Week6-2\Week6-2.vcxproj", "{38E752F2-AA37-4B71-813D-BC90EE19A82F}"
EndProject
Global
	GlobalSection(SolutionConfigurationPlatforms) = preSolution
		Debug|x64 = Debug|x64
		Debug|x86 = Debug|x86
		Release|x64 = Release|x64
		Release|x86 = Release|x86
	EndGlobalSection
	GlobalSection(ProjectConfigurationPlatforms) = postSolution
		{6EE14E15-691B-49F8-8197-60E84BAB627F}.Debug|x64.ActiveCfg = Debug|x64
		{6EE14E15-691B-49F8-8197-60E84BAB627F}.Debug|x64.Build.0 = Debug|x64
		{6EE14E15-691B-49F8-8197-60E84BAB627F}.Debug|x86.ActiveCfg = Debug|Win32
		{6EE14E15-691B-49F8-8197-60E84BAB627F}.Debug|x86.Build.0 = Debug|Win32
		{6EE14E15-691B-49F8-8197-60E84BAB627F}.Release|x64.ActiveCfg = Release|x64
		{6EE14E15-691B-49F8-8197-60E84BAB627F}.Release|x64.Build.0 = Release|x64
		{6EE14E15-691B-49F8-8197-60E84BAB627F}.Release|x86.ActiveCfg = Release|Win32
		{6EE14E15-691B-49F8-8197-60E84BAB627F}.Release|x86.Build.0 = Release|Win32
		{38E752F2-AA37-4B71-813D-BC90EE19A82F}.Debug|x64.ActiveCfg = Debug|x64
		{38E752F2-AA37-4B71-813D-BC90EE19A82F}.Debug|x64.Build.0 = Debug|x64
		{38E752F2-AA37-4B71-813D-BC90EE19A82F}.Debug|x86.ActiveCfg = Debug|Win32
		{38E752F2-AA37-4B71-813D-BC90EE19A82F}.Debug|x86.Build.0 = Debug|Win32
		{38E752F2-AA37-4B71-813D-BC90EE19A82F}.Release|x64.ActiveCfg = Release|x64
		{38E752F2-AA37-4B71-813D-BC90EE19A82F}.Release|x64.Build.0 = Release|x64
		{38E752F2-AA37-4B71-813D-BC90EE19A82F}.Release|x86.ActiveCfg = Release|Win32
		{38E752F2-AA37-4B71-813D-BC90EE19A82F}.Release|x86.Build.0 = Release|Win32
	EndGlobalSection
	GlobalSection(SolutionProperties) = preSolution
		HideSolutionNode = FALSE
	EndGlobalSection
	GlobalSection(ExtensibilityGlobals) = postSolution
		SolutionGuid = {E42A2F5D-893C-457C-998D-F92E2EDAC6F1}
	EndGlobalSection
EndGlobal
