
Microsoft Visual Studio Solution File, Format Version 12.00
# Visual Studio Version 17
VisualStudioVersion = 17.3.32825.248
MinimumVisualStudioVersion = 10.0.40219.1
Project("{8BC9CEB8-8B4A-11D0-8D11-00A0C91BC942}") = "2주차 1", "2주차 1\2주차 1.vcxproj", "{B3CDAE45-BA33-4F95-8EB9-E7701E58CF46}"
EndProject
Project("{8BC9CEB8-8B4A-11D0-8D11-00A0C91BC942}") = "2주차 2", "2주차 2\2주차 2.vcxproj", "{783F16C9-EE6E-454B-B4CA-242C533C857D}"
EndProject
Global
	GlobalSection(SolutionConfigurationPlatforms) = preSolution
		Debug|x64 = Debug|x64
		Debug|x86 = Debug|x86
		Release|x64 = Release|x64
		Release|x86 = Release|x86
	EndGlobalSection
	GlobalSection(ProjectConfigurationPlatforms) = postSolution
		{B3CDAE45-BA33-4F95-8EB9-E7701E58CF46}.Debug|x64.ActiveCfg = Debug|x64
		{B3CDAE45-BA33-4F95-8EB9-E7701E58CF46}.Debug|x64.Build.0 = Debug|x64
		{B3CDAE45-BA33-4F95-8EB9-E7701E58CF46}.Debug|x86.ActiveCfg = Debug|Win32
		{B3CDAE45-BA33-4F95-8EB9-E7701E58CF46}.Debug|x86.Build.0 = Debug|Win32
		{B3CDAE45-BA33-4F95-8EB9-E7701E58CF46}.Release|x64.ActiveCfg = Release|x64
		{B3CDAE45-BA33-4F95-8EB9-E7701E58CF46}.Release|x64.Build.0 = Release|x64
		{B3CDAE45-BA33-4F95-8EB9-E7701E58CF46}.Release|x86.ActiveCfg = Release|Win32
		{B3CDAE45-BA33-4F95-8EB9-E7701E58CF46}.Release|x86.Build.0 = Release|Win32
		{783F16C9-EE6E-454B-B4CA-242C533C857D}.Debug|x64.ActiveCfg = Debug|x64
		{783F16C9-EE6E-454B-B4CA-242C533C857D}.Debug|x64.Build.0 = Debug|x64
		{783F16C9-EE6E-454B-B4CA-242C533C857D}.Debug|x86.ActiveCfg = Debug|Win32
		{783F16C9-EE6E-454B-B4CA-242C533C857D}.Debug|x86.Build.0 = Debug|Win32
		{783F16C9-EE6E-454B-B4CA-242C533C857D}.Release|x64.ActiveCfg = Release|x64
		{783F16C9-EE6E-454B-B4CA-242C533C857D}.Release|x64.Build.0 = Release|x64
		{783F16C9-EE6E-454B-B4CA-242C533C857D}.Release|x86.ActiveCfg = Release|Win32
		{783F16C9-EE6E-454B-B4CA-242C533C857D}.Release|x86.Build.0 = Release|Win32
	EndGlobalSection
	GlobalSection(SolutionProperties) = preSolution
		HideSolutionNode = FALSE
	EndGlobalSection
	GlobalSection(ExtensibilityGlobals) = postSolution
		SolutionGuid = {344A1696-C442-4D32-892F-DE6AB13B94C5}
	EndGlobalSection
EndGlobal
